
Microsoft Visual Studio Solution File, Format Version 12.00
# Visual Studio Version 17
VisualStudioVersion = 17.9.34723.18
MinimumVisualStudioVersion = 10.0.40219.1
Project("{2150E333-8FDC-42A3-9474-1A3956D46DE8}") = "Services", "Services", "{4DD82FF5-8850-409F-8241-191FFF807A5E}"
EndProject
Project("{2150E333-8FDC-42A3-9474-1A3956D46DE8}") = "Catalog", "Catalog", "{2C330D09-E68F-4DC8-B305-AF4620C245A2}"
EndProject
Project("{9A19103F-16F7-4668-BE54-9A1E7A4F7556}") = "MultiShop.Catalog", "Services\Catalog\MultiShop.Catalog\MultiShop.Catalog.csproj", "{DEB3850F-6768-46EE-915D-537AEE2D6A01}"
EndProject
Project("{2150E333-8FDC-42A3-9474-1A3956D46DE8}") = "Discount", "Discount", "{B9BA1A4F-AFDD-4B9E-8C19-1A1ECA5A2C20}"
EndProject
Project("{9A19103F-16F7-4668-BE54-9A1E7A4F7556}") = "MultiShop.Discount", "Services\Discount\MultiShop.Discount\MultiShop.Discount.csproj", "{31639B73-A116-45D9-94DA-37D1261736CC}"
EndProject
Project("{2150E333-8FDC-42A3-9474-1A3956D46DE8}") = "Order", "Order", "{00B57CD1-F88B-45BB-B90F-3E6C30A273FF}"
EndProject
Project("{2150E333-8FDC-42A3-9474-1A3956D46DE8}") = "Core", "Core", "{FA2E8665-6249-4855-B72F-E0719F7F06A4}"
EndProject
Project("{2150E333-8FDC-42A3-9474-1A3956D46DE8}") = "Infrastructure", "Infrastructure", "{2ED2BF62-FB89-44D8-8CDF-3D9EE9B1EEB8}"
EndProject
Project("{2150E333-8FDC-42A3-9474-1A3956D46DE8}") = "Presentation", "Presentation", "{CF268974-3A4B-477F-922D-3D38C82EBD76}"
EndProject
Project("{9A19103F-16F7-4668-BE54-9A1E7A4F7556}") = "MultiShop.Order.Domain", "Services\Order\Core\MultiShop.Order.Domain\MultiShop.Order.Domain.csproj", "{74F949B7-0CF3-4741-8712-1E921118F0C8}"
EndProject
Project("{9A19103F-16F7-4668-BE54-9A1E7A4F7556}") = "MultiShop.Order.Application", "Services\Order\Core\MultiShop.Order.Application\MultiShop.Order.Application.csproj", "{E92A9890-0194-461E-972D-78AFFAB97100}"
EndProject
Project("{9A19103F-16F7-4668-BE54-9A1E7A4F7556}") = "MultiShop.Order.Persistence", "Services\Order\Infrastructure\MultiShop.order.Persistance\MultiShop.Order.Persistence.csproj", "{65C5E35B-5A44-447F-9419-CF4EAD853042}"
EndProject
Project("{9A19103F-16F7-4668-BE54-9A1E7A4F7556}") = "MultiShop.Order.WebApi", "Services\Order\Presentation\MultiShop.Order.WebApi\MultiShop.Order.WebApi.csproj", "{8853AEF2-D6D1-4D21-AD73-4A491BD6D4FC}"
EndProject
Project("{2150E333-8FDC-42A3-9474-1A3956D46DE8}") = "IdentityServer", "IdentityServer", "{09A178D1-B534-4B37-89C5-041364069194}"
EndProject
Project("{9A19103F-16F7-4668-BE54-9A1E7A4F7556}") = "MultiShop.IdentityServer", "IdentityServer\MultiShop.IdentityServer\MultiShop.IdentityServer.csproj", "{611ABB8D-FB50-496B-BFE8-920503C78DC6}"
EndProject
Project("{2150E333-8FDC-42A3-9474-1A3956D46DE8}") = "Requirements", "Requirements", "{BB319D61-4ECB-4237-8A63-852423A72AF8}"
	ProjectSection(SolutionItems) = preProject
		IdentityServerCmd.txt = IdentityServerCmd.txt
		IdentityServerVersionErrorSolution.txt = IdentityServerVersionErrorSolution.txt
		PortainerCmd.txt = PortainerCmd.txt
		PortNumbers.txt = PortNumbers.txt
	EndProjectSection
EndProject
Project("{2150E333-8FDC-42A3-9474-1A3956D46DE8}") = "Cargo", "Cargo", "{16A199B0-5B88-4160-861E-5F78586CF459}"
EndProject
Project("{9A19103F-16F7-4668-BE54-9A1E7A4F7556}") = "MultiShop.Cargo.Entities", "Services\Cargo\MultiShop.Cargo.Entities\MultiShop.Cargo.Entities.csproj", "{2C30F864-E837-4B19-9726-674EB779A545}"
EndProject
Project("{9A19103F-16F7-4668-BE54-9A1E7A4F7556}") = "MultiShop.Cargo.DataAccess", "Services\Cargo\MultiShop.Cargo.DataAccess\MultiShop.Cargo.DataAccess.csproj", "{B2D93D87-9AAD-4816-9638-DF2FAECF8130}"
EndProject
Project("{9A19103F-16F7-4668-BE54-9A1E7A4F7556}") = "MultiShop.Cargo.Business", "Services\Cargo\MultiShop.Cargo.Business\MultiShop.Cargo.Business.csproj", "{CFC3138C-6920-4B8B-95FD-F44FE81AF67C}"
EndProject
Project("{9A19103F-16F7-4668-BE54-9A1E7A4F7556}") = "MultiShop.Cargo.Core", "Services\Cargo\MultiShop.Cargo.Core\MultiShop.Cargo.Core.csproj", "{AFCE1A97-1CE4-40E4-8DCF-CC80CD9E0C3C}"
EndProject
Project("{9A19103F-16F7-4668-BE54-9A1E7A4F7556}") = "MultiShop.Cargo.Dtos", "Services\Cargo\MultiShop.Cargo.Dtos\MultiShop.Cargo.Dtos.csproj", "{E99BE4D0-16A4-4892-ACC1-D613A18E32AA}"
EndProject
Project("{9A19103F-16F7-4668-BE54-9A1E7A4F7556}") = "MultiShop.Cargo.WebApi", "Services\Cargo\MultiShop.Cargo.WebApi\MultiShop.Cargo.WebApi.csproj", "{C504F64B-7DF5-4D75-B287-CA146746E7E0}"
EndProject
Project("{2150E333-8FDC-42A3-9474-1A3956D46DE8}") = "Basket", "Basket", "{360B310E-AF9B-46B7-ADC4-831497F8F30D}"
EndProject
Project("{9A19103F-16F7-4668-BE54-9A1E7A4F7556}") = "MultiShop.Basket", "Services\Basket\MultiShop.Basket\MultiShop.Basket.csproj", "{09DC6016-ECF9-41CB-8A83-1BF08E17761D}"
EndProject
Project("{2150E333-8FDC-42A3-9474-1A3956D46DE8}") = "Frontends", "Frontends", "{32BF53EE-5F3E-4BA4-AD2D-D78E0F037539}"
EndProject
Project("{9A19103F-16F7-4668-BE54-9A1E7A4F7556}") = "MultiShop.WebUI", "Frontends\MultiShop.WebUI\MultiShop.WebUI.csproj", "{ED84C00F-3368-4E4D-936F-6322B6981330}"
EndProject
Project("{9A19103F-16F7-4668-BE54-9A1E7A4F7556}") = "MultiShop.Dtos", "MultiShop.Dtos\MultiShop.Dtos.csproj", "{0C426F4B-3A39-4D4C-B81D-2534957F968A}"
EndProject
Project("{2150E333-8FDC-42A3-9474-1A3956D46DE8}") = "Solution Items", "Solution Items", "{667DDDCF-8A80-4BB6-BBDA-E8A5A9FFA92B}"
	ProjectSection(SolutionItems) = preProject
		.gitignore = .gitignore
		LICENSE.txt = LICENSE.txt
		README.md = README.md
	EndProjectSection
EndProject
Project("{2150E333-8FDC-42A3-9474-1A3956D46DE8}") = "Comment", "Comment", "{C1119DA1-6284-4FD8-B032-FED23E6AD0DA}"
EndProject
Project("{9A19103F-16F7-4668-BE54-9A1E7A4F7556}") = "MultiShop.Comment", "Services\Comment\MultiShop.Comment\MultiShop.Comment.csproj", "{3BB055E7-28BF-4241-B4FD-FD7BD566CF80}"
EndProject
Global
	GlobalSection(SolutionConfigurationPlatforms) = preSolution
		Debug|Any CPU = Debug|Any CPU
		Release|Any CPU = Release|Any CPU
	EndGlobalSection
	GlobalSection(ProjectConfigurationPlatforms) = postSolution
		{DEB3850F-6768-46EE-915D-537AEE2D6A01}.Debug|Any CPU.ActiveCfg = Debug|Any CPU
		{DEB3850F-6768-46EE-915D-537AEE2D6A01}.Debug|Any CPU.Build.0 = Debug|Any CPU
		{DEB3850F-6768-46EE-915D-537AEE2D6A01}.Release|Any CPU.ActiveCfg = Release|Any CPU
		{DEB3850F-6768-46EE-915D-537AEE2D6A01}.Release|Any CPU.Build.0 = Release|Any CPU
		{31639B73-A116-45D9-94DA-37D1261736CC}.Debug|Any CPU.ActiveCfg = Debug|Any CPU
		{31639B73-A116-45D9-94DA-37D1261736CC}.Debug|Any CPU.Build.0 = Debug|Any CPU
		{31639B73-A116-45D9-94DA-37D1261736CC}.Release|Any CPU.ActiveCfg = Release|Any CPU
		{31639B73-A116-45D9-94DA-37D1261736CC}.Release|Any CPU.Build.0 = Release|Any CPU
		{74F949B7-0CF3-4741-8712-1E921118F0C8}.Debug|Any CPU.ActiveCfg = Debug|Any CPU
		{74F949B7-0CF3-4741-8712-1E921118F0C8}.Debug|Any CPU.Build.0 = Debug|Any CPU
		{74F949B7-0CF3-4741-8712-1E921118F0C8}.Release|Any CPU.ActiveCfg = Release|Any CPU
		{74F949B7-0CF3-4741-8712-1E921118F0C8}.Release|Any CPU.Build.0 = Release|Any CPU
		{E92A9890-0194-461E-972D-78AFFAB97100}.Debug|Any CPU.ActiveCfg = Debug|Any CPU
		{E92A9890-0194-461E-972D-78AFFAB97100}.Debug|Any CPU.Build.0 = Debug|Any CPU
		{E92A9890-0194-461E-972D-78AFFAB97100}.Release|Any CPU.ActiveCfg = Release|Any CPU
		{E92A9890-0194-461E-972D-78AFFAB97100}.Release|Any CPU.Build.0 = Release|Any CPU
		{65C5E35B-5A44-447F-9419-CF4EAD853042}.Debug|Any CPU.ActiveCfg = Debug|Any CPU
		{65C5E35B-5A44-447F-9419-CF4EAD853042}.Debug|Any CPU.Build.0 = Debug|Any CPU
		{65C5E35B-5A44-447F-9419-CF4EAD853042}.Release|Any CPU.ActiveCfg = Release|Any CPU
		{65C5E35B-5A44-447F-9419-CF4EAD853042}.Release|Any CPU.Build.0 = Release|Any CPU
		{8853AEF2-D6D1-4D21-AD73-4A491BD6D4FC}.Debug|Any CPU.ActiveCfg = Debug|Any CPU
		{8853AEF2-D6D1-4D21-AD73-4A491BD6D4FC}.Debug|Any CPU.Build.0 = Debug|Any CPU
		{8853AEF2-D6D1-4D21-AD73-4A491BD6D4FC}.Release|Any CPU.ActiveCfg = Release|Any CPU
		{8853AEF2-D6D1-4D21-AD73-4A491BD6D4FC}.Release|Any CPU.Build.0 = Release|Any CPU
		{611ABB8D-FB50-496B-BFE8-920503C78DC6}.Debug|Any CPU.ActiveCfg = Debug|Any CPU
		{611ABB8D-FB50-496B-BFE8-920503C78DC6}.Debug|Any CPU.Build.0 = Debug|Any CPU
		{611ABB8D-FB50-496B-BFE8-920503C78DC6}.Release|Any CPU.ActiveCfg = Release|Any CPU
		{611ABB8D-FB50-496B-BFE8-920503C78DC6}.Release|Any CPU.Build.0 = Release|Any CPU
		{2C30F864-E837-4B19-9726-674EB779A545}.Debug|Any CPU.ActiveCfg = Debug|Any CPU
		{2C30F864-E837-4B19-9726-674EB779A545}.Debug|Any CPU.Build.0 = Debug|Any CPU
		{2C30F864-E837-4B19-9726-674EB779A545}.Release|Any CPU.ActiveCfg = Release|Any CPU
		{2C30F864-E837-4B19-9726-674EB779A545}.Release|Any CPU.Build.0 = Release|Any CPU
		{B2D93D87-9AAD-4816-9638-DF2FAECF8130}.Debug|Any CPU.ActiveCfg = Debug|Any CPU
		{B2D93D87-9AAD-4816-9638-DF2FAECF8130}.Debug|Any CPU.Build.0 = Debug|Any CPU
		{B2D93D87-9AAD-4816-9638-DF2FAECF8130}.Release|Any CPU.ActiveCfg = Release|Any CPU
		{B2D93D87-9AAD-4816-9638-DF2FAECF8130}.Release|Any CPU.Build.0 = Release|Any CPU
		{CFC3138C-6920-4B8B-95FD-F44FE81AF67C}.Debug|Any CPU.ActiveCfg = Debug|Any CPU
		{CFC3138C-6920-4B8B-95FD-F44FE81AF67C}.Debug|Any CPU.Build.0 = Debug|Any CPU
		{CFC3138C-6920-4B8B-95FD-F44FE81AF67C}.Release|Any CPU.ActiveCfg = Release|Any CPU
		{CFC3138C-6920-4B8B-95FD-F44FE81AF67C}.Release|Any CPU.Build.0 = Release|Any CPU
		{AFCE1A97-1CE4-40E4-8DCF-CC80CD9E0C3C}.Debug|Any CPU.ActiveCfg = Debug|Any CPU
		{AFCE1A97-1CE4-40E4-8DCF-CC80CD9E0C3C}.Debug|Any CPU.Build.0 = Debug|Any CPU
		{AFCE1A97-1CE4-40E4-8DCF-CC80CD9E0C3C}.Release|Any CPU.ActiveCfg = Release|Any CPU
		{AFCE1A97-1CE4-40E4-8DCF-CC80CD9E0C3C}.Release|Any CPU.Build.0 = Release|Any CPU
		{E99BE4D0-16A4-4892-ACC1-D613A18E32AA}.Debug|Any CPU.ActiveCfg = Debug|Any CPU
		{E99BE4D0-16A4-4892-ACC1-D613A18E32AA}.Debug|Any CPU.Build.0 = Debug|Any CPU
		{E99BE4D0-16A4-4892-ACC1-D613A18E32AA}.Release|Any CPU.ActiveCfg = Release|Any CPU
		{E99BE4D0-16A4-4892-ACC1-D613A18E32AA}.Release|Any CPU.Build.0 = Release|Any CPU
		{C504F64B-7DF5-4D75-B287-CA146746E7E0}.Debug|Any CPU.ActiveCfg = Debug|Any CPU
		{C504F64B-7DF5-4D75-B287-CA146746E7E0}.Debug|Any CPU.Build.0 = Debug|Any CPU
		{C504F64B-7DF5-4D75-B287-CA146746E7E0}.Release|Any CPU.ActiveCfg = Release|Any CPU
		{C504F64B-7DF5-4D75-B287-CA146746E7E0}.Release|Any CPU.Build.0 = Release|Any CPU
		{09DC6016-ECF9-41CB-8A83-1BF08E17761D}.Debug|Any CPU.ActiveCfg = Debug|Any CPU
		{09DC6016-ECF9-41CB-8A83-1BF08E17761D}.Debug|Any CPU.Build.0 = Debug|Any CPU
		{09DC6016-ECF9-41CB-8A83-1BF08E17761D}.Release|Any CPU.ActiveCfg = Release|Any CPU
		{09DC6016-ECF9-41CB-8A83-1BF08E17761D}.Release|Any CPU.Build.0 = Release|Any CPU
		{ED84C00F-3368-4E4D-936F-6322B6981330}.Debug|Any CPU.ActiveCfg = Debug|Any CPU
		{ED84C00F-3368-4E4D-936F-6322B6981330}.Debug|Any CPU.Build.0 = Debug|Any CPU
		{ED84C00F-3368-4E4D-936F-6322B6981330}.Release|Any CPU.ActiveCfg = Release|Any CPU
		{ED84C00F-3368-4E4D-936F-6322B6981330}.Release|Any CPU.Build.0 = Release|Any CPU
		{0C426F4B-3A39-4D4C-B81D-2534957F968A}.Debug|Any CPU.ActiveCfg = Debug|Any CPU
		{0C426F4B-3A39-4D4C-B81D-2534957F968A}.Debug|Any CPU.Build.0 = Debug|Any CPU
		{0C426F4B-3A39-4D4C-B81D-2534957F968A}.Release|Any CPU.ActiveCfg = Release|Any CPU
		{0C426F4B-3A39-4D4C-B81D-2534957F968A}.Release|Any CPU.Build.0 = Release|Any CPU
		{3BB055E7-28BF-4241-B4FD-FD7BD566CF80}.Debug|Any CPU.ActiveCfg = Debug|Any CPU
		{3BB055E7-28BF-4241-B4FD-FD7BD566CF80}.Debug|Any CPU.Build.0 = Debug|Any CPU
		{3BB055E7-28BF-4241-B4FD-FD7BD566CF80}.Release|Any CPU.ActiveCfg = Release|Any CPU
		{3BB055E7-28BF-4241-B4FD-FD7BD566CF80}.Release|Any CPU.Build.0 = Release|Any CPU
	EndGlobalSection
	GlobalSection(SolutionProperties) = preSolution
		HideSolutionNode = FALSE
	EndGlobalSection
	GlobalSection(NestedProjects) = preSolution
		{2C330D09-E68F-4DC8-B305-AF4620C245A2} = {4DD82FF5-8850-409F-8241-191FFF807A5E}
		{DEB3850F-6768-46EE-915D-537AEE2D6A01} = {2C330D09-E68F-4DC8-B305-AF4620C245A2}
		{B9BA1A4F-AFDD-4B9E-8C19-1A1ECA5A2C20} = {4DD82FF5-8850-409F-8241-191FFF807A5E}
		{31639B73-A116-45D9-94DA-37D1261736CC} = {B9BA1A4F-AFDD-4B9E-8C19-1A1ECA5A2C20}
		{00B57CD1-F88B-45BB-B90F-3E6C30A273FF} = {4DD82FF5-8850-409F-8241-191FFF807A5E}
		{FA2E8665-6249-4855-B72F-E0719F7F06A4} = {00B57CD1-F88B-45BB-B90F-3E6C30A273FF}
		{2ED2BF62-FB89-44D8-8CDF-3D9EE9B1EEB8} = {00B57CD1-F88B-45BB-B90F-3E6C30A273FF}
		{CF268974-3A4B-477F-922D-3D38C82EBD76} = {00B57CD1-F88B-45BB-B90F-3E6C30A273FF}
		{74F949B7-0CF3-4741-8712-1E921118F0C8} = {FA2E8665-6249-4855-B72F-E0719F7F06A4}
		{E92A9890-0194-461E-972D-78AFFAB97100} = {FA2E8665-6249-4855-B72F-E0719F7F06A4}
		{65C5E35B-5A44-447F-9419-CF4EAD853042} = {2ED2BF62-FB89-44D8-8CDF-3D9EE9B1EEB8}
		{8853AEF2-D6D1-4D21-AD73-4A491BD6D4FC} = {CF268974-3A4B-477F-922D-3D38C82EBD76}
		{611ABB8D-FB50-496B-BFE8-920503C78DC6} = {09A178D1-B534-4B37-89C5-041364069194}
		{16A199B0-5B88-4160-861E-5F78586CF459} = {4DD82FF5-8850-409F-8241-191FFF807A5E}
		{2C30F864-E837-4B19-9726-674EB779A545} = {16A199B0-5B88-4160-861E-5F78586CF459}
		{B2D93D87-9AAD-4816-9638-DF2FAECF8130} = {16A199B0-5B88-4160-861E-5F78586CF459}
		{CFC3138C-6920-4B8B-95FD-F44FE81AF67C} = {16A199B0-5B88-4160-861E-5F78586CF459}
		{AFCE1A97-1CE4-40E4-8DCF-CC80CD9E0C3C} = {16A199B0-5B88-4160-861E-5F78586CF459}
		{E99BE4D0-16A4-4892-ACC1-D613A18E32AA} = {16A199B0-5B88-4160-861E-5F78586CF459}
		{C504F64B-7DF5-4D75-B287-CA146746E7E0} = {16A199B0-5B88-4160-861E-5F78586CF459}
		{360B310E-AF9B-46B7-ADC4-831497F8F30D} = {4DD82FF5-8850-409F-8241-191FFF807A5E}
		{09DC6016-ECF9-41CB-8A83-1BF08E17761D} = {360B310E-AF9B-46B7-ADC4-831497F8F30D}
		{ED84C00F-3368-4E4D-936F-6322B6981330} = {32BF53EE-5F3E-4BA4-AD2D-D78E0F037539}
		{0C426F4B-3A39-4D4C-B81D-2534957F968A} = {32BF53EE-5F3E-4BA4-AD2D-D78E0F037539}
		{C1119DA1-6284-4FD8-B032-FED23E6AD0DA} = {4DD82FF5-8850-409F-8241-191FFF807A5E}
		{3BB055E7-28BF-4241-B4FD-FD7BD566CF80} = {C1119DA1-6284-4FD8-B032-FED23E6AD0DA}
	EndGlobalSection
	GlobalSection(ExtensibilityGlobals) = postSolution
		SolutionGuid = {C35195FA-190F-4E84-A9D2-9FE0FF36241D}
	EndGlobalSection
EndGlobal
